
Microsoft Visual Studio Solution File, Format Version 12.00
# Visual Studio 15
VisualStudioVersion = 15.0.28010.2003
MinimumVisualStudioVersion = 10.0.40219.1
Project("{FAE04EC0-301F-11D3-BF4B-00C04F79EFBC}") = "messenger", "messenger\messenger.csproj", "{8509B02D-137B-4657-A762-41FF0F06D943}"
EndProject
Global
	GlobalSection(SolutionConfigurationPlatforms) = preSolution
		Debug|Any CPU = Debug|Any CPU
		Release|Any CPU = Release|Any CPU
	EndGlobalSection
	GlobalSection(ProjectConfigurationPlatforms) = postSolution
		{8509B02D-137B-4657-A762-41FF0F06D943}.Debug|Any CPU.ActiveCfg = Debug|Any CPU
		{8509B02D-137B-4657-A762-41FF0F06D943}.Debug|Any CPU.Build.0 = Debug|Any CPU
		{8509B02D-137B-4657-A762-41FF0F06D943}.Release|Any CPU.ActiveCfg = Release|Any CPU
		{8509B02D-137B-4657-A762-41FF0F06D943}.Release|Any CPU.Build.0 = Release|Any CPU
	EndGlobalSection
	GlobalSection(SolutionProperties) = preSolution
		HideSolutionNode = FALSE
	EndGlobalSection
	GlobalSection(ExtensibilityGlobals) = postSolution
		SolutionGuid = {86452F2B-12A4-44E4-8174-A4443E1CE70E}
	EndGlobalSection
EndGlobal
